{
  "name": "@demi-valerith/gsc-opportunity-analyzer",
  "version": "1.0.1",
  "lockfileVersion": 3,
  "requires": true,
  "packages": {
    "": {
      "name": "@demi-valerith/gsc-opportunity-analyzer",
      "version": "1.0.1",
      "license": "MIT",
      "bin": {
        "gsc-opportunity": "bin/gsc-opportunity.mjs"
      },
      "engines": {
        "node": ">=20"
      }
    }
  }
}
